// !$*UTF8*$!
{
	archiveVersion = 1;
	classes = {
	};
	objectVersion = 56;
	objects = {

/* Begin PBXBuildFile section */
		3A092E2C2AFC14EC00AF852C /* SearchService.swift in Sources */ = {isa = PBXBuildFile; fileRef = 3A092E2B2AFC14EC00AF852C /* SearchService.swift */; };
		3A092E302AFC18C200AF852C /* NetworkManager.swift in Sources */ = {isa = PBXBuildFile; fileRef = 3A092E2F2AFC18C200AF852C /* NetworkManager.swift */; };
		3A092E322AFC1A6800AF852C /* HTTPRequest.swift in Sources */ = {isa = PBXBuildFile; fileRef = 3A092E312AFC1A6800AF852C /* HTTPRequest.swift */; };
		3A43AC452AE970C700C5C22A /* ListViewController.swift in Sources */ = {isa = PBXBuildFile; fileRef = 3A43AC432AE970C700C5C22A /* ListViewController.swift */; };
		3A43AC462AE970C700C5C22A /* ListViewController.xib in Resources */ = {isa = PBXBuildFile; fileRef = 3A43AC442AE970C700C5C22A /* ListViewController.xib */; };
		3A43AC4C2AE9712400C5C22A /* LocationViewController.swift in Sources */ = {isa = PBXBuildFile; fileRef = 3A43AC4A2AE9712400C5C22A /* LocationViewController.swift */; };
		3A43AC4D2AE9712400C5C22A /* LocationViewController.xib in Resources */ = {isa = PBXBuildFile; fileRef = 3A43AC4B2AE9712400C5C22A /* LocationViewController.xib */; };
		3A43AC512AEAAD4200C5C22A /* SearchViewController.swift in Sources */ = {isa = PBXBuildFile; fileRef = 3A43AC4F2AEAAD4200C5C22A /* SearchViewController.swift */; };
		3A43AC522AEAAD4200C5C22A /* SearchViewController.xib in Resources */ = {isa = PBXBuildFile; fileRef = 3A43AC502AEAAD4200C5C22A /* SearchViewController.xib */; };
		3A43AC552AEAAEEB00C5C22A /* Business.swift in Sources */ = {isa = PBXBuildFile; fileRef = 3A43AC542AEAAEEB00C5C22A /* Business.swift */; };
		3A43AC572AEAB28200C5C22A /* BusinessMock.json in Resources */ = {isa = PBXBuildFile; fileRef = 3A43AC562AEAB28200C5C22A /* BusinessMock.json */; };
		3A43AC5A2AEAB9DB00C5C22A /* ListTableViewCell.swift in Sources */ = {isa = PBXBuildFile; fileRef = 3A43AC582AEAB9DB00C5C22A /* ListTableViewCell.swift */; };
		3A43AC5B2AEAB9DB00C5C22A /* ListTableViewCell.xib in Resources */ = {isa = PBXBuildFile; fileRef = 3A43AC592AEAB9DB00C5C22A /* ListTableViewCell.xib */; };
		3A6D20AE2AFAD08500925592 /* MainViewModel.swift in Sources */ = {isa = PBXBuildFile; fileRef = 3A6D20AD2AFAD08500925592 /* MainViewModel.swift */; };
		3A9918A22AE967770048DF46 /* AppDelegate.swift in Sources */ = {isa = PBXBuildFile; fileRef = 3A9918A12AE967770048DF46 /* AppDelegate.swift */; };
		3A9918A42AE967770048DF46 /* SceneDelegate.swift in Sources */ = {isa = PBXBuildFile; fileRef = 3A9918A32AE967770048DF46 /* SceneDelegate.swift */; };
		3A9918A62AE967770048DF46 /* MainViewController.swift in Sources */ = {isa = PBXBuildFile; fileRef = 3A9918A52AE967770048DF46 /* MainViewController.swift */; };
		3A9918A92AE967770048DF46 /* MainViewController.storyboard in Resources */ = {isa = PBXBuildFile; fileRef = 3A9918A72AE967770048DF46 /* MainViewController.storyboard */; };
		3A9918AB2AE9677A0048DF46 /* Assets.xcassets in Resources */ = {isa = PBXBuildFile; fileRef = 3A9918AA2AE9677A0048DF46 /* Assets.xcassets */; };
		3A9918AE2AE9677A0048DF46 /* LaunchScreen.storyboard in Resources */ = {isa = PBXBuildFile; fileRef = 3A9918AC2AE9677A0048DF46 /* LaunchScreen.storyboard */; };
		3AAA3AFE2AF4235200BE670E /* ParentContentListViewController.swift in Sources */ = {isa = PBXBuildFile; fileRef = 3AAA3AFD2AF4235100BE670E /* ParentContentListViewController.swift */; };
/* End PBXBuildFile section */

/* Begin PBXFileReference section */
		3A092E2B2AFC14EC00AF852C /* SearchService.swift */ = {isa = PBXFileReference; lastKnownFileType = sourcecode.swift; path = SearchService.swift; sourceTree = "<group>"; };
		3A092E2F2AFC18C200AF852C /* NetworkManager.swift */ = {isa = PBXFileReference; lastKnownFileType = sourcecode.swift; path = NetworkManager.swift; sourceTree = "<group>"; };
		3A092E312AFC1A6800AF852C /* HTTPRequest.swift */ = {isa = PBXFileReference; lastKnownFileType = sourcecode.swift; path = HTTPRequest.swift; sourceTree = "<group>"; };
		3A43AC432AE970C700C5C22A /* ListViewController.swift */ = {isa = PBXFileReference; lastKnownFileType = sourcecode.swift; path = ListViewController.swift; sourceTree = "<group>"; };
		3A43AC442AE970C700C5C22A /* ListViewController.xib */ = {isa = PBXFileReference; lastKnownFileType = file.xib; path = ListViewController.xib; sourceTree = "<group>"; };
		3A43AC4A2AE9712400C5C22A /* LocationViewController.swift */ = {isa = PBXFileReference; lastKnownFileType = sourcecode.swift; path = LocationViewController.swift; sourceTree = "<group>"; };
		3A43AC4B2AE9712400C5C22A /* LocationViewController.xib */ = {isa = PBXFileReference; lastKnownFileType = file.xib; path = LocationViewController.xib; sourceTree = "<group>"; };
		3A43AC4F2AEAAD4200C5C22A /* SearchViewController.swift */ = {isa = PBXFileReference; lastKnownFileType = sourcecode.swift; path = SearchViewController.swift; sourceTree = "<group>"; };
		3A43AC502AEAAD4200C5C22A /* SearchViewController.xib */ = {isa = PBXFileReference; lastKnownFileType = file.xib; path = SearchViewController.xib; sourceTree = "<group>"; };
		3A43AC542AEAAEEB00C5C22A /* Business.swift */ = {isa = PBXFileReference; lastKnownFileType = sourcecode.swift; path = Business.swift; sourceTree = "<group>"; };
		3A43AC562AEAB28200C5C22A /* BusinessMock.json */ = {isa = PBXFileReference; lastKnownFileType = text.json; path = BusinessMock.json; sourceTree = "<group>"; };
		3A43AC582AEAB9DB00C5C22A /* ListTableViewCell.swift */ = {isa = PBXFileReference; lastKnownFileType = sourcecode.swift; path = ListTableViewCell.swift; sourceTree = "<group>"; };
		3A43AC592AEAB9DB00C5C22A /* ListTableViewCell.xib */ = {isa = PBXFileReference; lastKnownFileType = file.xib; path = ListTableViewCell.xib; sourceTree = "<group>"; };
		3A6D20AD2AFAD08500925592 /* MainViewModel.swift */ = {isa = PBXFileReference; lastKnownFileType = sourcecode.swift; path = MainViewModel.swift; sourceTree = "<group>"; };
		3A99189E2AE967770048DF46 /* restaurant-explorer-yelp.app */ = {isa = PBXFileReference; explicitFileType = wrapper.application; includeInIndex = 0; path = "restaurant-explorer-yelp.app"; sourceTree = BUILT_PRODUCTS_DIR; };
		3A9918A12AE967770048DF46 /* AppDelegate.swift */ = {isa = PBXFileReference; lastKnownFileType = sourcecode.swift; path = AppDelegate.swift; sourceTree = "<group>"; };
		3A9918A32AE967770048DF46 /* SceneDelegate.swift */ = {isa = PBXFileReference; lastKnownFileType = sourcecode.swift; path = SceneDelegate.swift; sourceTree = "<group>"; };
		3A9918A52AE967770048DF46 /* MainViewController.swift */ = {isa = PBXFileReference; lastKnownFileType = sourcecode.swift; path = MainViewController.swift; sourceTree = "<group>"; };
		3A9918A82AE967770048DF46 /* Base */ = {isa = PBXFileReference; lastKnownFileType = file.storyboard; name = Base; path = Base.lproj/MainViewController.storyboard; sourceTree = "<group>"; };
		3A9918AA2AE9677A0048DF46 /* Assets.xcassets */ = {isa = PBXFileReference; lastKnownFileType = folder.assetcatalog; path = Assets.xcassets; sourceTree = "<group>"; };
		3A9918AD2AE9677A0048DF46 /* Base */ = {isa = PBXFileReference; lastKnownFileType = file.storyboard; name = Base; path = Base.lproj/LaunchScreen.storyboard; sourceTree = "<group>"; };
		3A9918AF2AE9677A0048DF46 /* Info.plist */ = {isa = PBXFileReference; lastKnownFileType = text.plist.xml; path = Info.plist; sourceTree = "<group>"; };
		3AAA3AFD2AF4235100BE670E /* ParentContentListViewController.swift */ = {isa = PBXFileReference; lastKnownFileType = sourcecode.swift; path = ParentContentListViewController.swift; sourceTree = "<group>"; };
/* End PBXFileReference section */

/* Begin PBXFrameworksBuildPhase section */
		3A99189B2AE967770048DF46 /* Frameworks */ = {
			isa = PBXFrameworksBuildPhase;
			buildActionMask = 2147483647;
			files = (
			);
			runOnlyForDeploymentPostprocessing = 0;
		};
/* End PBXFrameworksBuildPhase section */

/* Begin PBXGroup section */
		3A092E2A2AFC14D900AF852C /* Service */ = {
			isa = PBXGroup;
			children = (
				3A092E2B2AFC14EC00AF852C /* SearchService.swift */,
				3A092E2F2AFC18C200AF852C /* NetworkManager.swift */,
				3A092E312AFC1A6800AF852C /* HTTPRequest.swift */,
			);
			path = Service;
			sourceTree = "<group>";
		};
		3A43AC422AE9709200C5C22A /* ListView */ = {
			isa = PBXGroup;
			children = (
				3A43AC432AE970C700C5C22A /* ListViewController.swift */,
				3A43AC442AE970C700C5C22A /* ListViewController.xib */,
				3A43AC582AEAB9DB00C5C22A /* ListTableViewCell.swift */,
				3A43AC592AEAB9DB00C5C22A /* ListTableViewCell.xib */,
			);
			path = ListView;
			sourceTree = "<group>";
		};
		3A43AC472AE970DC00C5C22A /* LocationView */ = {
			isa = PBXGroup;
			children = (
				3A43AC4A2AE9712400C5C22A /* LocationViewController.swift */,
				3A43AC4B2AE9712400C5C22A /* LocationViewController.xib */,
			);
			path = LocationView;
			sourceTree = "<group>";
		};
		3A43AC4E2AEAAD2400C5C22A /* SearchView */ = {
			isa = PBXGroup;
			children = (
				3A43AC4F2AEAAD4200C5C22A /* SearchViewController.swift */,
				3A43AC502AEAAD4200C5C22A /* SearchViewController.xib */,
			);
			path = SearchView;
			sourceTree = "<group>";
		};
		3A43AC532AEAAEBB00C5C22A /* Models */ = {
			isa = PBXGroup;
			children = (
				3A43AC542AEAAEEB00C5C22A /* Business.swift */,
				3A43AC562AEAB28200C5C22A /* BusinessMock.json */,
			);
			path = Models;
			sourceTree = "<group>";
		};
		3A6D20AC2AFAD04600925592 /* ViewModels */ = {
			isa = PBXGroup;
			children = (
				3A6D20AD2AFAD08500925592 /* MainViewModel.swift */,
			);
			path = ViewModels;
			sourceTree = "<group>";
		};
		3A9918952AE967770048DF46 = {
			isa = PBXGroup;
			children = (
				3A9918A02AE967770048DF46 /* restaurant-explorer-yelp */,
				3A99189F2AE967770048DF46 /* Products */,
			);
			sourceTree = "<group>";
		};
		3A99189F2AE967770048DF46 /* Products */ = {
			isa = PBXGroup;
			children = (
				3A99189E2AE967770048DF46 /* restaurant-explorer-yelp.app */,
			);
			name = Products;
			sourceTree = "<group>";
		};
		3A9918A02AE967770048DF46 /* restaurant-explorer-yelp */ = {
			isa = PBXGroup;
			children = (
				3A092E2A2AFC14D900AF852C /* Service */,
				3A6D20AC2AFAD04600925592 /* ViewModels */,
				3AC5E0042AF41FEE00182A75 /* Views */,
				3A43AC532AEAAEBB00C5C22A /* Models */,
				3A9918A12AE967770048DF46 /* AppDelegate.swift */,
				3A9918A32AE967770048DF46 /* SceneDelegate.swift */,
				3A9918AA2AE9677A0048DF46 /* Assets.xcassets */,
				3A9918AC2AE9677A0048DF46 /* LaunchScreen.storyboard */,
				3A9918AF2AE9677A0048DF46 /* Info.plist */,
			);
			path = "restaurant-explorer-yelp";
			sourceTree = "<group>";
		};
		3AC5E0042AF41FEE00182A75 /* Views */ = {
			isa = PBXGroup;
			children = (
				3A9918A72AE967770048DF46 /* MainViewController.storyboard */,
				3A9918A52AE967770048DF46 /* MainViewController.swift */,
				3AAA3AFD2AF4235100BE670E /* ParentContentListViewController.swift */,
				3A43AC4E2AEAAD2400C5C22A /* SearchView */,
				3A43AC472AE970DC00C5C22A /* LocationView */,
				3A43AC422AE9709200C5C22A /* ListView */,
			);
			path = Views;
			sourceTree = "<group>";
		};
/* End PBXGroup section */

/* Begin PBXNativeTarget section */
		3A99189D2AE967770048DF46 /* restaurant-explorer-yelp */ = {
			isa = PBXNativeTarget;
			buildConfigurationList = 3A9918B22AE9677A0048DF46 /* Build configuration list for PBXNativeTarget "restaurant-explorer-yelp" */;
			buildPhases = (
				3A99189A2AE967770048DF46 /* Sources */,
				3A99189B2AE967770048DF46 /* Frameworks */,
				3A99189C2AE967770048DF46 /* Resources */,
			);
			buildRules = (
			);
			dependencies = (
			);
			name = "restaurant-explorer-yelp";
			productName = "restaurant-explorer-yelp";
			productReference = 3A99189E2AE967770048DF46 /* restaurant-explorer-yelp.app */;
			productType = "com.apple.product-type.application";
		};
/* End PBXNativeTarget section */

/* Begin PBXProject section */
		3A9918962AE967770048DF46 /* Project object */ = {
			isa = PBXProject;
			attributes = {
				BuildIndependentTargetsInParallel = 1;
				LastSwiftUpdateCheck = 1420;
				LastUpgradeCheck = 1420;
				TargetAttributes = {
					3A99189D2AE967770048DF46 = {
						CreatedOnToolsVersion = 14.2;
					};
				};
			};
			buildConfigurationList = 3A9918992AE967770048DF46 /* Build configuration list for PBXProject "restaurant-explorer-yelp" */;
			compatibilityVersion = "Xcode 14.0";
			developmentRegion = en;
			hasScannedForEncodings = 0;
			knownRegions = (
				en,
				Base,
			);
			mainGroup = 3A9918952AE967770048DF46;
			productRefGroup = 3A99189F2AE967770048DF46 /* Products */;
			projectDirPath = "";
			projectRoot = "";
			targets = (
				3A99189D2AE967770048DF46 /* restaurant-explorer-yelp */,
			);
		};
/* End PBXProject section */

/* Begin PBXResourcesBuildPhase section */
		3A99189C2AE967770048DF46 /* Resources */ = {
			isa = PBXResourcesBuildPhase;
			buildActionMask = 2147483647;
			files = (
				3A9918AE2AE9677A0048DF46 /* LaunchScreen.storyboard in Resources */,
				3A9918AB2AE9677A0048DF46 /* Assets.xcassets in Resources */,
				3A43AC572AEAB28200C5C22A /* BusinessMock.json in Resources */,
				3A43AC522AEAAD4200C5C22A /* SearchViewController.xib in Resources */,
				3A43AC462AE970C700C5C22A /* ListViewController.xib in Resources */,
				3A43AC5B2AEAB9DB00C5C22A /* ListTableViewCell.xib in Resources */,
				3A43AC4D2AE9712400C5C22A /* LocationViewController.xib in Resources */,
				3A9918A92AE967770048DF46 /* MainViewController.storyboard in Resources */,
			);
			runOnlyForDeploymentPostprocessing = 0;
		};
/* End PBXResourcesBuildPhase section */

/* Begin PBXSourcesBuildPhase section */
		3A99189A2AE967770048DF46 /* Sources */ = {
			isa = PBXSourcesBuildPhase;
			buildActionMask = 2147483647;
			files = (
				3A43AC512AEAAD4200C5C22A /* SearchViewController.swift in Sources */,
				3A43AC5A2AEAB9DB00C5C22A /* ListTableViewCell.swift in Sources */,
				3A43AC552AEAAEEB00C5C22A /* Business.swift in Sources */,
				3A092E322AFC1A6800AF852C /* HTTPRequest.swift in Sources */,
				3A092E302AFC18C200AF852C /* NetworkManager.swift in Sources */,
				3A092E2C2AFC14EC00AF852C /* SearchService.swift in Sources */,
				3AAA3AFE2AF4235200BE670E /* ParentContentListViewController.swift in Sources */,
				3A43AC4C2AE9712400C5C22A /* LocationViewController.swift in Sources */,
				3A6D20AE2AFAD08500925592 /* MainViewModel.swift in Sources */,
				3A9918A62AE967770048DF46 /* MainViewController.swift in Sources */,
				3A9918A22AE967770048DF46 /* AppDelegate.swift in Sources */,
				3A43AC452AE970C700C5C22A /* ListViewController.swift in Sources */,
				3A9918A42AE967770048DF46 /* SceneDelegate.swift in Sources */,
			);
			runOnlyForDeploymentPostprocessing = 0;
		};
/* End PBXSourcesBuildPhase section */

/* Begin PBXVariantGroup section */
		3A9918A72AE967770048DF46 /* MainViewController.storyboard */ = {
			isa = PBXVariantGroup;
			children = (
				3A9918A82AE967770048DF46 /* Base */,
			);
			name = MainViewController.storyboard;
			sourceTree = "<group>";
		};
		3A9918AC2AE9677A0048DF46 /* LaunchScreen.storyboard */ = {
			isa = PBXVariantGroup;
			children = (
				3A9918AD2AE9677A0048DF46 /* Base */,
			);
			name = LaunchScreen.storyboard;
			sourceTree = "<group>";
		};
/* End PBXVariantGroup section */

/* Begin XCBuildConfiguration section */
		3A9918B02AE9677A0048DF46 /* Debug */ = {
			isa = XCBuildConfiguration;
			buildSettings = {
				ALWAYS_SEARCH_USER_PATHS = NO;
				CLANG_ANALYZER_NONNULL = YES;
				CLANG_ANALYZER_NUMBER_OBJECT_CONVERSION = YES_AGGRESSIVE;
				CLANG_CXX_LANGUAGE_STANDARD = "gnu++20";
				CLANG_ENABLE_MODULES = YES;
				CLANG_ENABLE_OBJC_ARC = YES;
				CLANG_ENABLE_OBJC_WEAK = YES;
				CLANG_WARN_BLOCK_CAPTURE_AUTORELEASING = YES;
				CLANG_WARN_BOOL_CONVERSION = YES;
				CLANG_WARN_COMMA = YES;
				CLANG_WARN_CONSTANT_CONVERSION = YES;
				CLANG_WARN_DEPRECATED_OBJC_IMPLEMENTATIONS = YES;
				CLANG_WARN_DIRECT_OBJC_ISA_USAGE = YES_ERROR;
				CLANG_WARN_DOCUMENTATION_COMMENTS = YES;
				CLANG_WARN_EMPTY_BODY = YES;
				CLANG_WARN_ENUM_CONVERSION = YES;
				CLANG_WARN_INFINITE_RECURSION = YES;
				CLANG_WARN_INT_CONVERSION = YES;
				CLANG_WARN_NON_LITERAL_NULL_CONVERSION = YES;
				CLANG_WARN_OBJC_IMPLICIT_RETAIN_SELF = YES;
				CLANG_WARN_OBJC_LITERAL_CONVERSION = YES;
				CLANG_WARN_OBJC_ROOT_CLASS = YES_ERROR;
				CLANG_WARN_QUOTED_INCLUDE_IN_FRAMEWORK_HEADER = YES;
				CLANG_WARN_RANGE_LOOP_ANALYSIS = YES;
				CLANG_WARN_STRICT_PROTOTYPES = YES;
				CLANG_WARN_SUSPICIOUS_MOVE = YES;
				CLANG_WARN_UNGUARDED_AVAILABILITY = YES_AGGRESSIVE;
				CLANG_WARN_UNREACHABLE_CODE = YES;
				CLANG_WARN__DUPLICATE_METHOD_MATCH = YES;
				COPY_PHASE_STRIP = NO;
				DEBUG_INFORMATION_FORMAT = dwarf;
				ENABLE_STRICT_OBJC_MSGSEND = YES;
				ENABLE_TESTABILITY = YES;
				GCC_C_LANGUAGE_STANDARD = gnu11;
				GCC_DYNAMIC_NO_PIC = NO;
				GCC_NO_COMMON_BLOCKS = YES;
				GCC_OPTIMIZATION_LEVEL = 0;
				GCC_PREPROCESSOR_DEFINITIONS = (
					"DEBUG=1",
					"$(inherited)",
				);
				GCC_WARN_64_TO_32_BIT_CONVERSION = YES;
				GCC_WARN_ABOUT_RETURN_TYPE = YES_ERROR;
				GCC_WARN_UNDECLARED_SELECTOR = YES;
				GCC_WARN_UNINITIALIZED_AUTOS = YES_AGGRESSIVE;
				GCC_WARN_UNUSED_FUNCTION = YES;
				GCC_WARN_UNUSED_VARIABLE = YES;
				IPHONEOS_DEPLOYMENT_TARGET = 16.2;
				MTL_ENABLE_DEBUG_INFO = INCLUDE_SOURCE;
				MTL_FAST_MATH = YES;
				ONLY_ACTIVE_ARCH = YES;
				SDKROOT = iphoneos;
				SWIFT_ACTIVE_COMPILATION_CONDITIONS = DEBUG;
				SWIFT_OPTIMIZATION_LEVEL = "-Onone";
			};
			name = Debug;
		};
		3A9918B12AE9677A0048DF46 /* Release */ = {
			isa = XCBuildConfiguration;
			buildSettings = {
				ALWAYS_SEARCH_USER_PATHS = NO;
				CLANG_ANALYZER_NONNULL = YES;
				CLANG_ANALYZER_NUMBER_OBJECT_CONVERSION = YES_AGGRESSIVE;
				CLANG_CXX_LANGUAGE_STANDARD = "gnu++20";
				CLANG_ENABLE_MODULES = YES;
				CLANG_ENABLE_OBJC_ARC = YES;
				CLANG_ENABLE_OBJC_WEAK = YES;
				CLANG_WARN_BLOCK_CAPTURE_AUTORELEASING = YES;
				CLANG_WARN_BOOL_CONVERSION = YES;
				CLANG_WARN_COMMA = YES;
				CLANG_WARN_CONSTANT_CONVERSION = YES;
				CLANG_WARN_DEPRECATED_OBJC_IMPLEMENTATIONS = YES;
				CLANG_WARN_DIRECT_OBJC_ISA_USAGE = YES_ERROR;
				CLANG_WARN_DOCUMENTATION_COMMENTS = YES;
				CLANG_WARN_EMPTY_BODY = YES;
				CLANG_WARN_ENUM_CONVERSION = YES;
				CLANG_WARN_INFINITE_RECURSION = YES;
				CLANG_WARN_INT_CONVERSION = YES;
				CLANG_WARN_NON_LITERAL_NULL_CONVERSION = YES;
				CLANG_WARN_OBJC_IMPLICIT_RETAIN_SELF = YES;
				CLANG_WARN_OBJC_LITERAL_CONVERSION = YES;
				CLANG_WARN_OBJC_ROOT_CLASS = YES_ERROR;
				CLANG_WARN_QUOTED_INCLUDE_IN_FRAMEWORK_HEADER = YES;
				CLANG_WARN_RANGE_LOOP_ANALYSIS = YES;
				CLANG_WARN_STRICT_PROTOTYPES = YES;
				CLANG_WARN_SUSPICIOUS_MOVE = YES;
				CLANG_WARN_UNGUARDED_AVAILABILITY = YES_AGGRESSIVE;
				CLANG_WARN_UNREACHABLE_CODE = YES;
				CLANG_WARN__DUPLICATE_METHOD_MATCH = YES;
				COPY_PHASE_STRIP = NO;
				DEBUG_INFORMATION_FORMAT = "dwarf-with-dsym";
				ENABLE_NS_ASSERTIONS = NO;
				ENABLE_STRICT_OBJC_MSGSEND = YES;
				GCC_C_LANGUAGE_STANDARD = gnu11;
				GCC_NO_COMMON_BLOCKS = YES;
				GCC_WARN_64_TO_32_BIT_CONVERSION = YES;
				GCC_WARN_ABOUT_RETURN_TYPE = YES_ERROR;
				GCC_WARN_UNDECLARED_SELECTOR = YES;
				GCC_WARN_UNINITIALIZED_AUTOS = YES_AGGRESSIVE;
				GCC_WARN_UNUSED_FUNCTION = YES;
				GCC_WARN_UNUSED_VARIABLE = YES;
				IPHONEOS_DEPLOYMENT_TARGET = 16.2;
				MTL_ENABLE_DEBUG_INFO = NO;
				MTL_FAST_MATH = YES;
				SDKROOT = iphoneos;
				SWIFT_COMPILATION_MODE = wholemodule;
				SWIFT_OPTIMIZATION_LEVEL = "-O";
				VALIDATE_PRODUCT = YES;
			};
			name = Release;
		};
		3A9918B32AE9677A0048DF46 /* Debug */ = {
			isa = XCBuildConfiguration;
			buildSettings = {
				ASSETCATALOG_COMPILER_APPICON_NAME = AppIcon;
				ASSETCATALOG_COMPILER_GLOBAL_ACCENT_COLOR_NAME = AccentColor;
				CODE_SIGN_STYLE = Automatic;
				CURRENT_PROJECT_VERSION = 1;
				GENERATE_INFOPLIST_FILE = YES;
				INFOPLIST_FILE = "restaurant-explorer-yelp/Info.plist";
				INFOPLIST_KEY_UIApplicationSupportsIndirectInputEvents = YES;
				INFOPLIST_KEY_UILaunchStoryboardName = LaunchScreen;
				INFOPLIST_KEY_UIMainStoryboardFile = MainViewController;
				INFOPLIST_KEY_UISupportedInterfaceOrientations_iPad = "UIInterfaceOrientationPortrait UIInterfaceOrientationPortraitUpsideDown UIInterfaceOrientationLandscapeLeft UIInterfaceOrientationLandscapeRight";
				INFOPLIST_KEY_UISupportedInterfaceOrientations_iPhone = "UIInterfaceOrientationPortrait UIInterfaceOrientationLandscapeLeft UIInterfaceOrientationLandscapeRight";
				LD_RUNPATH_SEARCH_PATHS = (
					"$(inherited)",
					"@executable_path/Frameworks",
				);
				MARKETING_VERSION = 1.0;
				PRODUCT_BUNDLE_IDENTIFIER = "com.miguelmanas.restaurant-explorer-yelp";
				PRODUCT_NAME = "$(TARGET_NAME)";
				SWIFT_EMIT_LOC_STRINGS = YES;
				SWIFT_VERSION = 5.0;
				TARGETED_DEVICE_FAMILY = "1,2";
			};
			name = Debug;
		};
		3A9918B42AE9677A0048DF46 /* Release */ = {
			isa = XCBuildConfiguration;
			buildSettings = {
				ASSETCATALOG_COMPILER_APPICON_NAME = AppIcon;
				ASSETCATALOG_COMPILER_GLOBAL_ACCENT_COLOR_NAME = AccentColor;
				CODE_SIGN_STYLE = Automatic;
				CURRENT_PROJECT_VERSION = 1;
				GENERATE_INFOPLIST_FILE = YES;
				INFOPLIST_FILE = "restaurant-explorer-yelp/Info.plist";
				INFOPLIST_KEY_UIApplicationSupportsIndirectInputEvents = YES;
				INFOPLIST_KEY_UILaunchStoryboardName = LaunchScreen;
				INFOPLIST_KEY_UIMainStoryboardFile = MainViewController;
				INFOPLIST_KEY_UISupportedInterfaceOrientations_iPad = "UIInterfaceOrientationPortrait UIInterfaceOrientationPortraitUpsideDown UIInterfaceOrientationLandscapeLeft UIInterfaceOrientationLandscapeRight";
				INFOPLIST_KEY_UISupportedInterfaceOrientations_iPhone = "UIInterfaceOrientationPortrait UIInterfaceOrientationLandscapeLeft UIInterfaceOrientationLandscapeRight";
				LD_RUNPATH_SEARCH_PATHS = (
					"$(inherited)",
					"@executable_path/Frameworks",
				);
				MARKETING_VERSION = 1.0;
				PRODUCT_BUNDLE_IDENTIFIER = "com.miguelmanas.restaurant-explorer-yelp";
				PRODUCT_NAME = "$(TARGET_NAME)";
				SWIFT_EMIT_LOC_STRINGS = YES;
				SWIFT_VERSION = 5.0;
				TARGETED_DEVICE_FAMILY = "1,2";
			};
			name = Release;
		};
/* End XCBuildConfiguration section */

/* Begin XCConfigurationList section */
		3A9918992AE967770048DF46 /* Build configuration list for PBXProject "restaurant-explorer-yelp" */ = {
			isa = XCConfigurationList;
			buildConfigurations = (
				3A9918B02AE9677A0048DF46 /* Debug */,
				3A9918B12AE9677A0048DF46 /* Release */,
			);
			defaultConfigurationIsVisible = 0;
			defaultConfigurationName = Release;
		};
		3A9918B22AE9677A0048DF46 /* Build configuration list for PBXNativeTarget "restaurant-explorer-yelp" */ = {
			isa = XCConfigurationList;
			buildConfigurations = (
				3A9918B32AE9677A0048DF46 /* Debug */,
				3A9918B42AE9677A0048DF46 /* Release */,
			);
			defaultConfigurationIsVisible = 0;
			defaultConfigurationName = Release;
		};
/* End XCConfigurationList section */
	};
	rootObject = 3A9918962AE967770048DF46 /* Project object */;
}
